
Microsoft Visual Studio Solution File, Format Version 12.00
# Visual Studio 2013
VisualStudioVersion = 12.0.31101.0
MinimumVisualStudioVersion = 10.0.40219.1
Project("{FAE04EC0-301F-11D3-BF4B-00C04F79EFBC}") = "BetaChi.Core.Android", "BetaChi.Core.Android\BetaChi.Core.Android.csproj", "{8A90F6D0-B232-405A-9C3E-AA4993A35FE1}"
EndProject
Project("{FAE04EC0-301F-11D3-BF4B-00C04F79EFBC}") = "BetaChi.Core.iOS", "BetaChi.Core.iOS\BetaChi.Core.iOS.csproj", "{83C8E688-A5C8-4DFB-A3C0-D5A861827F4D}"
EndProject
Project("{FAE04EC0-301F-11D3-BF4B-00C04F79EFBC}") = "BetaChi.App.iOS", "BetaChi.App.iOS\BetaChi.App.iOS.csproj", "{A0CE21D8-12EE-4D51-9C7B-09CF3B9DB322}"
EndProject
Project("{FAE04EC0-301F-11D3-BF4B-00C04F79EFBC}") = "BetaChi.App.Android", "BetaChi.App.Android\BetaChi.App.Android.csproj", "{9D4CAE02-07B3-471B-BE7F-9280A1763AD5}"
EndProject
Global
	GlobalSection(SolutionConfigurationPlatforms) = preSolution
		Ad-Hoc|Any CPU = Ad-Hoc|Any CPU
		Ad-Hoc|iPhone = Ad-Hoc|iPhone
		Ad-Hoc|iPhoneSimulator = Ad-Hoc|iPhoneSimulator
		Ad-Hoc|Mixed Platforms = Ad-Hoc|Mixed Platforms
		AppStore|Any CPU = AppStore|Any CPU
		AppStore|iPhone = AppStore|iPhone
		AppStore|iPhoneSimulator = AppStore|iPhoneSimulator
		AppStore|Mixed Platforms = AppStore|Mixed Platforms
		Debug|Any CPU = Debug|Any CPU
		Debug|iPhone = Debug|iPhone
		Debug|iPhoneSimulator = Debug|iPhoneSimulator
		Debug|Mixed Platforms = Debug|Mixed Platforms
		Release|Any CPU = Release|Any CPU
		Release|iPhone = Release|iPhone
		Release|iPhoneSimulator = Release|iPhoneSimulator
		Release|Mixed Platforms = Release|Mixed Platforms
	EndGlobalSection
	GlobalSection(ProjectConfigurationPlatforms) = postSolution
		{8A90F6D0-B232-405A-9C3E-AA4993A35FE1}.Ad-Hoc|Any CPU.ActiveCfg = Release|Any CPU
		{8A90F6D0-B232-405A-9C3E-AA4993A35FE1}.Ad-Hoc|Any CPU.Build.0 = Release|Any CPU
		{8A90F6D0-B232-405A-9C3E-AA4993A35FE1}.Ad-Hoc|iPhone.ActiveCfg = Release|Any CPU
		{8A90F6D0-B232-405A-9C3E-AA4993A35FE1}.Ad-Hoc|iPhoneSimulator.ActiveCfg = Release|Any CPU
		{8A90F6D0-B232-405A-9C3E-AA4993A35FE1}.Ad-Hoc|Mixed Platforms.ActiveCfg = Release|Any CPU
		{8A90F6D0-B232-405A-9C3E-AA4993A35FE1}.Ad-Hoc|Mixed Platforms.Build.0 = Release|Any CPU
		{8A90F6D0-B232-405A-9C3E-AA4993A35FE1}.AppStore|Any CPU.ActiveCfg = Release|Any CPU
		{8A90F6D0-B232-405A-9C3E-AA4993A35FE1}.AppStore|Any CPU.Build.0 = Release|Any CPU
		{8A90F6D0-B232-405A-9C3E-AA4993A35FE1}.AppStore|iPhone.ActiveCfg = Release|Any CPU
		{8A90F6D0-B232-405A-9C3E-AA4993A35FE1}.AppStore|iPhoneSimulator.ActiveCfg = Release|Any CPU
		{8A90F6D0-B232-405A-9C3E-AA4993A35FE1}.AppStore|Mixed Platforms.ActiveCfg = Release|Any CPU
		{8A90F6D0-B232-405A-9C3E-AA4993A35FE1}.AppStore|Mixed Platforms.Build.0 = Release|Any CPU
		{8A90F6D0-B232-405A-9C3E-AA4993A35FE1}.Debug|Any CPU.ActiveCfg = Debug|Any CPU
		{8A90F6D0-B232-405A-9C3E-AA4993A35FE1}.Debug|Any CPU.Build.0 = Debug|Any CPU
		{8A90F6D0-B232-405A-9C3E-AA4993A35FE1}.Debug|iPhone.ActiveCfg = Debug|Any CPU
		{8A90F6D0-B232-405A-9C3E-AA4993A35FE1}.Debug|iPhoneSimulator.ActiveCfg = Debug|Any CPU
		{8A90F6D0-B232-405A-9C3E-AA4993A35FE1}.Debug|Mixed Platforms.ActiveCfg = Debug|Any CPU
		{8A90F6D0-B232-405A-9C3E-AA4993A35FE1}.Debug|Mixed Platforms.Build.0 = Debug|Any CPU
		{8A90F6D0-B232-405A-9C3E-AA4993A35FE1}.Release|Any CPU.ActiveCfg = Release|Any CPU
		{8A90F6D0-B232-405A-9C3E-AA4993A35FE1}.Release|Any CPU.Build.0 = Release|Any CPU
		{8A90F6D0-B232-405A-9C3E-AA4993A35FE1}.Release|iPhone.ActiveCfg = Release|Any CPU
		{8A90F6D0-B232-405A-9C3E-AA4993A35FE1}.Release|iPhoneSimulator.ActiveCfg = Release|Any CPU
		{8A90F6D0-B232-405A-9C3E-AA4993A35FE1}.Release|Mixed Platforms.ActiveCfg = Release|Any CPU
		{8A90F6D0-B232-405A-9C3E-AA4993A35FE1}.Release|Mixed Platforms.Build.0 = Release|Any CPU
		{83C8E688-A5C8-4DFB-A3C0-D5A861827F4D}.Ad-Hoc|Any CPU.ActiveCfg = Release|Any CPU
		{83C8E688-A5C8-4DFB-A3C0-D5A861827F4D}.Ad-Hoc|Any CPU.Build.0 = Release|Any CPU
		{83C8E688-A5C8-4DFB-A3C0-D5A861827F4D}.Ad-Hoc|iPhone.ActiveCfg = Release|Any CPU
		{83C8E688-A5C8-4DFB-A3C0-D5A861827F4D}.Ad-Hoc|iPhoneSimulator.ActiveCfg = Release|Any CPU
		{83C8E688-A5C8-4DFB-A3C0-D5A861827F4D}.Ad-Hoc|Mixed Platforms.ActiveCfg = Release|Any CPU
		{83C8E688-A5C8-4DFB-A3C0-D5A861827F4D}.Ad-Hoc|Mixed Platforms.Build.0 = Release|Any CPU
		{83C8E688-A5C8-4DFB-A3C0-D5A861827F4D}.AppStore|Any CPU.ActiveCfg = Release|Any CPU
		{83C8E688-A5C8-4DFB-A3C0-D5A861827F4D}.AppStore|Any CPU.Build.0 = Release|Any CPU
		{83C8E688-A5C8-4DFB-A3C0-D5A861827F4D}.AppStore|iPhone.ActiveCfg = Release|Any CPU
		{83C8E688-A5C8-4DFB-A3C0-D5A861827F4D}.AppStore|iPhoneSimulator.ActiveCfg = Release|Any CPU
		{83C8E688-A5C8-4DFB-A3C0-D5A861827F4D}.AppStore|Mixed Platforms.ActiveCfg = Release|Any CPU
		{83C8E688-A5C8-4DFB-A3C0-D5A861827F4D}.AppStore|Mixed Platforms.Build.0 = Release|Any CPU
		{83C8E688-A5C8-4DFB-A3C0-D5A861827F4D}.Debug|Any CPU.ActiveCfg = Debug|Any CPU
		{83C8E688-A5C8-4DFB-A3C0-D5A861827F4D}.Debug|Any CPU.Build.0 = Debug|Any CPU
		{83C8E688-A5C8-4DFB-A3C0-D5A861827F4D}.Debug|iPhone.ActiveCfg = Debug|Any CPU
		{83C8E688-A5C8-4DFB-A3C0-D5A861827F4D}.Debug|iPhoneSimulator.ActiveCfg = Debug|Any CPU
		{83C8E688-A5C8-4DFB-A3C0-D5A861827F4D}.Debug|Mixed Platforms.ActiveCfg = Debug|Any CPU
		{83C8E688-A5C8-4DFB-A3C0-D5A861827F4D}.Debug|Mixed Platforms.Build.0 = Debug|Any CPU
		{83C8E688-A5C8-4DFB-A3C0-D5A861827F4D}.Release|Any CPU.ActiveCfg = Release|Any CPU
		{83C8E688-A5C8-4DFB-A3C0-D5A861827F4D}.Release|Any CPU.Build.0 = Release|Any CPU
		{83C8E688-A5C8-4DFB-A3C0-D5A861827F4D}.Release|iPhone.ActiveCfg = Release|Any CPU
		{83C8E688-A5C8-4DFB-A3C0-D5A861827F4D}.Release|iPhoneSimulator.ActiveCfg = Release|Any CPU
		{83C8E688-A5C8-4DFB-A3C0-D5A861827F4D}.Release|Mixed Platforms.ActiveCfg = Release|Any CPU
		{83C8E688-A5C8-4DFB-A3C0-D5A861827F4D}.Release|Mixed Platforms.Build.0 = Release|Any CPU
		{A0CE21D8-12EE-4D51-9C7B-09CF3B9DB322}.Ad-Hoc|Any CPU.ActiveCfg = Ad-Hoc|iPhone
		{A0CE21D8-12EE-4D51-9C7B-09CF3B9DB322}.Ad-Hoc|iPhone.ActiveCfg = Ad-Hoc|iPhone
		{A0CE21D8-12EE-4D51-9C7B-09CF3B9DB322}.Ad-Hoc|iPhone.Build.0 = Ad-Hoc|iPhone
		{A0CE21D8-12EE-4D51-9C7B-09CF3B9DB322}.Ad-Hoc|iPhoneSimulator.ActiveCfg = Ad-Hoc|iPhoneSimulator
		{A0CE21D8-12EE-4D51-9C7B-09CF3B9DB322}.Ad-Hoc|iPhoneSimulator.Build.0 = Ad-Hoc|iPhoneSimulator
		{A0CE21D8-12EE-4D51-9C7B-09CF3B9DB322}.Ad-Hoc|Mixed Platforms.ActiveCfg = Ad-Hoc|iPhone
		{A0CE21D8-12EE-4D51-9C7B-09CF3B9DB322}.Ad-Hoc|Mixed Platforms.Build.0 = Ad-Hoc|iPhone
		{A0CE21D8-12EE-4D51-9C7B-09CF3B9DB322}.AppStore|Any CPU.ActiveCfg = AppStore|iPhone
		{A0CE21D8-12EE-4D51-9C7B-09CF3B9DB322}.AppStore|iPhone.ActiveCfg = AppStore|iPhone
		{A0CE21D8-12EE-4D51-9C7B-09CF3B9DB322}.AppStore|iPhone.Build.0 = AppStore|iPhone
		{A0CE21D8-12EE-4D51-9C7B-09CF3B9DB322}.AppStore|iPhoneSimulator.ActiveCfg = AppStore|iPhoneSimulator
		{A0CE21D8-12EE-4D51-9C7B-09CF3B9DB322}.AppStore|iPhoneSimulator.Build.0 = AppStore|iPhoneSimulator
		{A0CE21D8-12EE-4D51-9C7B-09CF3B9DB322}.AppStore|Mixed Platforms.ActiveCfg = AppStore|iPhone
		{A0CE21D8-12EE-4D51-9C7B-09CF3B9DB322}.AppStore|Mixed Platforms.Build.0 = AppStore|iPhone
		{A0CE21D8-12EE-4D51-9C7B-09CF3B9DB322}.Debug|Any CPU.ActiveCfg = Debug|iPhone
		{A0CE21D8-12EE-4D51-9C7B-09CF3B9DB322}.Debug|iPhone.ActiveCfg = Debug|iPhone
		{A0CE21D8-12EE-4D51-9C7B-09CF3B9DB322}.Debug|iPhone.Build.0 = Debug|iPhone
		{A0CE21D8-12EE-4D51-9C7B-09CF3B9DB322}.Debug|iPhoneSimulator.ActiveCfg = Debug|iPhoneSimulator
		{A0CE21D8-12EE-4D51-9C7B-09CF3B9DB322}.Debug|iPhoneSimulator.Build.0 = Debug|iPhoneSimulator
		{A0CE21D8-12EE-4D51-9C7B-09CF3B9DB322}.Debug|Mixed Platforms.ActiveCfg = Debug|iPhone
		{A0CE21D8-12EE-4D51-9C7B-09CF3B9DB322}.Debug|Mixed Platforms.Build.0 = Debug|iPhone
		{A0CE21D8-12EE-4D51-9C7B-09CF3B9DB322}.Release|Any CPU.ActiveCfg = Release|iPhone
		{A0CE21D8-12EE-4D51-9C7B-09CF3B9DB322}.Release|iPhone.ActiveCfg = Release|iPhone
		{A0CE21D8-12EE-4D51-9C7B-09CF3B9DB322}.Release|iPhone.Build.0 = Release|iPhone
		{A0CE21D8-12EE-4D51-9C7B-09CF3B9DB322}.Release|iPhoneSimulator.ActiveCfg = Release|iPhoneSimulator
		{A0CE21D8-12EE-4D51-9C7B-09CF3B9DB322}.Release|iPhoneSimulator.Build.0 = Release|iPhoneSimulator
		{A0CE21D8-12EE-4D51-9C7B-09CF3B9DB322}.Release|Mixed Platforms.ActiveCfg = Release|iPhone
		{A0CE21D8-12EE-4D51-9C7B-09CF3B9DB322}.Release|Mixed Platforms.Build.0 = Release|iPhone
		{9D4CAE02-07B3-471B-BE7F-9280A1763AD5}.Ad-Hoc|Any CPU.ActiveCfg = Release|Any CPU
		{9D4CAE02-07B3-471B-BE7F-9280A1763AD5}.Ad-Hoc|Any CPU.Build.0 = Release|Any CPU
		{9D4CAE02-07B3-471B-BE7F-9280A1763AD5}.Ad-Hoc|Any CPU.Deploy.0 = Release|Any CPU
		{9D4CAE02-07B3-471B-BE7F-9280A1763AD5}.Ad-Hoc|iPhone.ActiveCfg = Release|Any CPU
		{9D4CAE02-07B3-471B-BE7F-9280A1763AD5}.Ad-Hoc|iPhoneSimulator.ActiveCfg = Release|Any CPU
		{9D4CAE02-07B3-471B-BE7F-9280A1763AD5}.Ad-Hoc|Mixed Platforms.ActiveCfg = Release|Any CPU
		{9D4CAE02-07B3-471B-BE7F-9280A1763AD5}.Ad-Hoc|Mixed Platforms.Build.0 = Release|Any CPU
		{9D4CAE02-07B3-471B-BE7F-9280A1763AD5}.Ad-Hoc|Mixed Platforms.Deploy.0 = Release|Any CPU
		{9D4CAE02-07B3-471B-BE7F-9280A1763AD5}.AppStore|Any CPU.ActiveCfg = Release|Any CPU
		{9D4CAE02-07B3-471B-BE7F-9280A1763AD5}.AppStore|Any CPU.Build.0 = Release|Any CPU
		{9D4CAE02-07B3-471B-BE7F-9280A1763AD5}.AppStore|Any CPU.Deploy.0 = Release|Any CPU
		{9D4CAE02-07B3-471B-BE7F-9280A1763AD5}.AppStore|iPhone.ActiveCfg = Release|Any CPU
		{9D4CAE02-07B3-471B-BE7F-9280A1763AD5}.AppStore|iPhoneSimulator.ActiveCfg = Release|Any CPU
		{9D4CAE02-07B3-471B-BE7F-9280A1763AD5}.AppStore|Mixed Platforms.ActiveCfg = Release|Any CPU
		{9D4CAE02-07B3-471B-BE7F-9280A1763AD5}.AppStore|Mixed Platforms.Build.0 = Release|Any CPU
		{9D4CAE02-07B3-471B-BE7F-9280A1763AD5}.AppStore|Mixed Platforms.Deploy.0 = Release|Any CPU
		{9D4CAE02-07B3-471B-BE7F-9280A1763AD5}.Debug|Any CPU.ActiveCfg = Debug|Any CPU
		{9D4CAE02-07B3-471B-BE7F-9280A1763AD5}.Debug|Any CPU.Build.0 = Debug|Any CPU
		{9D4CAE02-07B3-471B-BE7F-9280A1763AD5}.Debug|Any CPU.Deploy.0 = Debug|Any CPU
		{9D4CAE02-07B3-471B-BE7F-9280A1763AD5}.Debug|iPhone.ActiveCfg = Debug|Any CPU
		{9D4CAE02-07B3-471B-BE7F-9280A1763AD5}.Debug|iPhoneSimulator.ActiveCfg = Debug|Any CPU
		{9D4CAE02-07B3-471B-BE7F-9280A1763AD5}.Debug|Mixed Platforms.ActiveCfg = Debug|Any CPU
		{9D4CAE02-07B3-471B-BE7F-9280A1763AD5}.Debug|Mixed Platforms.Build.0 = Debug|Any CPU
		{9D4CAE02-07B3-471B-BE7F-9280A1763AD5}.Debug|Mixed Platforms.Deploy.0 = Debug|Any CPU
		{9D4CAE02-07B3-471B-BE7F-9280A1763AD5}.Release|Any CPU.ActiveCfg = Release|Any CPU
		{9D4CAE02-07B3-471B-BE7F-9280A1763AD5}.Release|Any CPU.Build.0 = Release|Any CPU
		{9D4CAE02-07B3-471B-BE7F-9280A1763AD5}.Release|Any CPU.Deploy.0 = Release|Any CPU
		{9D4CAE02-07B3-471B-BE7F-9280A1763AD5}.Release|iPhone.ActiveCfg = Release|Any CPU
		{9D4CAE02-07B3-471B-BE7F-9280A1763AD5}.Release|iPhoneSimulator.ActiveCfg = Release|Any CPU
		{9D4CAE02-07B3-471B-BE7F-9280A1763AD5}.Release|Mixed Platforms.ActiveCfg = Release|Any CPU
		{9D4CAE02-07B3-471B-BE7F-9280A1763AD5}.Release|Mixed Platforms.Build.0 = Release|Any CPU
		{9D4CAE02-07B3-471B-BE7F-9280A1763AD5}.Release|Mixed Platforms.Deploy.0 = Release|Any CPU
	EndGlobalSection
	GlobalSection(SolutionProperties) = preSolution
		HideSolutionNode = FALSE
	EndGlobalSection
EndGlobal
